
Microsoft Visual Studio Solution File, Format Version 12.00
# Visual Studio Version 17
VisualStudioVersion = 17.6.33723.286
MinimumVisualStudioVersion = 10.0.40219.1
Project("{FAE04EC0-301F-11D3-BF4B-00C04F79EFBC}") = "PicturesWebApi", "PicturesWebApi.csproj", "{15C2F6A5-C304-45FD-8AF9-6B7098C860A3}"
EndProject
Global
	GlobalSection(SolutionConfigurationPlatforms) = preSolution
		Debug|Any CPU = Debug|Any CPU
		Release|Any CPU = Release|Any CPU
	EndGlobalSection
	GlobalSection(ProjectConfigurationPlatforms) = postSolution
		{15C2F6A5-C304-45FD-8AF9-6B7098C860A3}.Debug|Any CPU.ActiveCfg = Debug|Any CPU
		{15C2F6A5-C304-45FD-8AF9-6B7098C860A3}.Debug|Any CPU.Build.0 = Debug|Any CPU
		{15C2F6A5-C304-45FD-8AF9-6B7098C860A3}.Release|Any CPU.ActiveCfg = Release|Any CPU
		{15C2F6A5-C304-45FD-8AF9-6B7098C860A3}.Release|Any CPU.Build.0 = Release|Any CPU
	EndGlobalSection
	GlobalSection(SolutionProperties) = preSolution
		HideSolutionNode = FALSE
	EndGlobalSection
	GlobalSection(ExtensibilityGlobals) = postSolution
		SolutionGuid = {99D7A02A-EC18-4A3F-841D-F75C5940B3C1}
	EndGlobalSection
EndGlobal
